<?xml version="1.0" encoding="utf-8"?>
<Project ToolsVersion="4.0" xmlns="http://schemas.microsoft.com/developer/msbuild/2003">
  <ItemGroup>
    <Filter Include="Source Files">
      <UniqueIdentifier>{4FC737F1-C7A5-4376-A066-2A32D752A2FF}</UniqueIdentifier>
      <Extensions>cpp;c;cc;cxx;def;odl;idl;hpj;bat;asm;asmx</Extensions>
    </Filter>
    <Filter Include="Header Files">
      <UniqueIdentifier>{93995380-89BD-4b04-88EB-625FBE52EBFB}</UniqueIdentifier>
      <Extensions>h;hpp;hxx;hm;inl;inc;xsd</Extensions>
    </Filter>
    <Filter Include="Resource Files">
      <UniqueIdentifier>{67DA6AB6-F800-4c08-8B7A-83BB121AAD01}</UniqueIdentifier>
      <Extensions>rc;ico;cur;bmp;dlg;rc2;rct;bin;rgs;gif;jpg;jpeg;jpe;resx;tiff;tif;png;wav;mfcribbon-ms</Extensions>
    </Filter>
  </ItemGroup>
  <ItemGroup>
    <ClCompile Include="src\actionpt.c">
      <Filter>Source Files</Filter>
    </ClCompile>
    <ClCompile Include="src\ariadne.c">
      <Filter>Source Files</Filter>
    </ClCompile>
    <ClCompile Include="src\ariadne_edge.c">
      <Filter>Source Files</Filter>
    </ClCompile>
    <ClCompile Include="src\ariadne_findcache.c">
      <Filter>Source Files</Filter>
    </ClCompile>
    <ClCompile Include="src\ariadne_naviheap.c">
      <Filter>Source Files</Filter>
    </ClCompile>
    <ClCompile Include="src\ariadne_navitree.c">
      <Filter>Source Files</Filter>
    </ClCompile>
    <ClCompile Include="src\ariadne_points.c">
      <Filter>Source Files</Filter>
    </ClCompile>
    <ClCompile Include="src\ariadne_regions.c">
      <Filter>Source Files</Filter>
    </ClCompile>
    <ClCompile Include="src\ariadne_tringls.c">
      <Filter>Source Files</Filter>
    </ClCompile>
    <ClCompile Include="src\ariadne_wallhug.c">
      <Filter>Source Files</Filter>
    </ClCompile>
    <ClCompile Include="src\bflib_basics.c">
      <Filter>Source Files</Filter>
    </ClCompile>
    <ClCompile Include="src\bflib_cpu.c">
      <Filter>Source Files</Filter>
    </ClCompile>
    <ClCompile Include="src\bflib_crash.c">
      <Filter>Source Files</Filter>
    </ClCompile>
    <ClCompile Include="src\bflib_datetm.c">
      <Filter>Source Files</Filter>
    </ClCompile>
    <ClCompile Include="src\bflib_dernc.c">
      <Filter>Source Files</Filter>
    </ClCompile>
    <ClCompile Include="src\bflib_fileio.c">
      <Filter>Source Files</Filter>
    </ClCompile>
    <ClCompile Include="src\bflib_filelst.c">
      <Filter>Source Files</Filter>
    </ClCompile>
    <ClCompile Include="src\bflib_fmvids.c">
      <Filter>Source Files</Filter>
    </ClCompile>
    <ClCompile Include="src\bflib_guibtns.c">
      <Filter>Source Files</Filter>
    </ClCompile>
    <ClCompile Include="src\bflib_keybrd.c">
      <Filter>Source Files</Filter>
    </ClCompile>
    <ClCompile Include="src\bflib_math.c">
      <Filter>Source Files</Filter>
    </ClCompile>
    <ClCompile Include="src\bflib_memory.c">
      <Filter>Source Files</Filter>
    </ClCompile>
    <ClCompile Include="src\bflib_netsession.c">
      <Filter>Source Files</Filter>
    </ClCompile>
    <ClCompile Include="src\bflib_planar.c">
      <Filter>Source Files</Filter>
    </ClCompile>
    <ClCompile Include="src\bflib_render.c">
      <Filter>Source Files</Filter>
    </ClCompile>
    <ClCompile Include="src\bflib_render_gpoly.c">
      <Filter>Source Files</Filter>
    </ClCompile>
    <ClCompile Include="src\bflib_render_trig.c">
      <Filter>Source Files</Filter>
    </ClCompile>
    <ClCompile Include="src\bflib_sound.c">
      <Filter>Source Files</Filter>
    </ClCompile>
    <ClCompile Include="src\bflib_sprfnt.c">
      <Filter>Source Files</Filter>
    </ClCompile>
    <ClCompile Include="src\bflib_string.c">
      <Filter>Source Files</Filter>
    </ClCompile>
    <ClCompile Include="src\bflib_tcpsp.c">
      <Filter>Source Files</Filter>
    </ClCompile>
    <ClCompile Include="src\bflib_video.c">
      <Filter>Source Files</Filter>
    </ClCompile>
    <ClCompile Include="src\bflib_vidraw.c">
      <Filter>Source Files</Filter>
    </ClCompile>
    <ClCompile Include="src\bflib_vidraw_spr_norm.c">
      <Filter>Source Files</Filter>
    </ClCompile>
    <ClCompile Include="src\bflib_vidraw_spr_onec.c">
      <Filter>Source Files</Filter>
    </ClCompile>
    <ClCompile Include="src\bflib_vidraw_spr_remp.c">
      <Filter>Source Files</Filter>
    </ClCompile>
    <ClCompile Include="src\bflib_vidsurface.c">
      <Filter>Source Files</Filter>
    </ClCompile>
    <ClCompile Include="src\config.c">
      <Filter>Source Files</Filter>
    </ClCompile>
    <ClCompile Include="src\config_campaigns.c">
      <Filter>Source Files</Filter>
    </ClCompile>
    <ClCompile Include="src\config_compp.c">
      <Filter>Source Files</Filter>
    </ClCompile>
    <ClCompile Include="src\config_creature.c">
      <Filter>Source Files</Filter>
    </ClCompile>
    <ClCompile Include="src\config_crtrmodel.c">
      <Filter>Source Files</Filter>
    </ClCompile>
    <ClCompile Include="src\config_crtrstates.c">
      <Filter>Source Files</Filter>
    </ClCompile>
    <ClCompile Include="src\config_cubes.c">
      <Filter>Source Files</Filter>
    </ClCompile>
    <ClCompile Include="src\config_effects.c">
      <Filter>Source Files</Filter>
    </ClCompile>
    <ClCompile Include="src\config_lenses.c">
      <Filter>Source Files</Filter>
    </ClCompile>
    <ClCompile Include="src\config_magic.c">
      <Filter>Source Files</Filter>
    </ClCompile>
    <ClCompile Include="src\config_objects.c">
      <Filter>Source Files</Filter>
    </ClCompile>
    <ClCompile Include="src\config_mods.c">
      <Filter>Source Files</Filter>
    </ClCompile>
    <ClCompile Include="src\config_players.c">
      <Filter>Source Files</Filter>
    </ClCompile>
    <ClCompile Include="src\config_rules.c">
      <Filter>Source Files</Filter>
    </ClCompile>
    <ClCompile Include="src\config_settings.c">
      <Filter>Source Files</Filter>
    </ClCompile>
    <ClCompile Include="src\config_strings.c">
      <Filter>Source Files</Filter>
    </ClCompile>
    <ClCompile Include="src\config_terrain.c">
      <Filter>Source Files</Filter>
    </ClCompile>
    <ClCompile Include="src\config_trapdoor.c">
      <Filter>Source Files</Filter>
    </ClCompile>
    <ClCompile Include="src\creature_battle.c">
      <Filter>Source Files</Filter>
    </ClCompile>
    <ClCompile Include="src\creature_control.c">
      <Filter>Source Files</Filter>
    </ClCompile>
    <ClCompile Include="src\creature_graphics.c">
      <Filter>Source Files</Filter>
    </ClCompile>
    <ClCompile Include="src\creature_groups.c">
      <Filter>Source Files</Filter>
    </ClCompile>
    <ClCompile Include="src\creature_instances.c">
      <Filter>Source Files</Filter>
    </ClCompile>
    <ClCompile Include="src\creature_jobs.c">
      <Filter>Source Files</Filter>
    </ClCompile>
    <ClCompile Include="src\creature_senses.c">
      <Filter>Source Files</Filter>
    </ClCompile>
    <ClCompile Include="src\creature_states.c">
      <Filter>Source Files</Filter>
    </ClCompile>
    <ClCompile Include="src\creature_states_barck.c">
      <Filter>Source Files</Filter>
    </ClCompile>
    <ClCompile Include="src\creature_states_combt.c">
      <Filter>Source Files</Filter>
    </ClCompile>
    <ClCompile Include="src\creature_states_gardn.c">
      <Filter>Source Files</Filter>
    </ClCompile>
    <ClCompile Include="src\creature_states_guard.c">
      <Filter>Source Files</Filter>
    </ClCompile>
    <ClCompile Include="src\creature_states_hero.c">
      <Filter>Source Files</Filter>
    </ClCompile>
    <ClCompile Include="src\creature_states_lair.c">
      <Filter>Source Files</Filter>
    </ClCompile>
    <ClCompile Include="src\creature_states_mood.c">
      <Filter>Source Files</Filter>
    </ClCompile>
    <ClCompile Include="src\creature_states_pray.c">
      <Filter>Source Files</Filter>
    </ClCompile>
    <ClCompile Include="src\creature_states_prisn.c">
      <Filter>Source Files</Filter>
    </ClCompile>
    <ClCompile Include="src\creature_states_rsrch.c">
      <Filter>Source Files</Filter>
    </ClCompile>
    <ClCompile Include="src\creature_states_scavn.c">
      <Filter>Source Files</Filter>
    </ClCompile>
    <ClCompile Include="src\creature_states_spdig.c">
      <Filter>Source Files</Filter>
    </ClCompile>
    <ClCompile Include="src\creature_states_tortr.c">
      <Filter>Source Files</Filter>
    </ClCompile>
    <ClCompile Include="src\creature_states_train.c">
      <Filter>Source Files</Filter>
    </ClCompile>
    <ClCompile Include="src\creature_states_tresr.c">
      <Filter>Source Files</Filter>
    </ClCompile>
    <ClCompile Include="src\creature_states_wrshp.c">
      <Filter>Source Files</Filter>
    </ClCompile>
    <ClCompile Include="src\dungeon_data.c">
      <Filter>Source Files</Filter>
    </ClCompile>
    <ClCompile Include="src\dungeon_stats.c">
      <Filter>Source Files</Filter>
    </ClCompile>
    <ClCompile Include="src\engine_arrays.c">
      <Filter>Source Files</Filter>
    </ClCompile>
    <ClCompile Include="src\engine_camera.c">
      <Filter>Source Files</Filter>
    </ClCompile>
    <ClCompile Include="src\engine_lenses.c">
      <Filter>Source Files</Filter>
    </ClCompile>
    <ClCompile Include="src\engine_redraw.c">
      <Filter>Source Files</Filter>
    </ClCompile>
    <ClCompile Include="src\engine_render.c">
      <Filter>Source Files</Filter>
    </ClCompile>
    <ClCompile Include="src\engine_textures.c">
      <Filter>Source Files</Filter>
    </ClCompile>
    <ClCompile Include="src\front_credits.c">
      <Filter>Source Files</Filter>
    </ClCompile>
    <ClCompile Include="src\front_easter.c">
      <Filter>Source Files</Filter>
    </ClCompile>
    <ClCompile Include="src\front_fmvids.c">
      <Filter>Source Files</Filter>
    </ClCompile>
    <ClCompile Include="src\front_highscore.c">
      <Filter>Source Files</Filter>
    </ClCompile>
    <ClCompile Include="src\front_input.c">
      <Filter>Source Files</Filter>
    </ClCompile>
    <ClCompile Include="src\front_landview.c">
      <Filter>Source Files</Filter>
    </ClCompile>
    <ClCompile Include="src\front_lvlstats.c">
      <Filter>Source Files</Filter>
    </ClCompile>
    <ClCompile Include="src\front_network.c">
      <Filter>Source Files</Filter>
    </ClCompile>
    <ClCompile Include="src\front_simple.c">
      <Filter>Source Files</Filter>
    </ClCompile>
    <ClCompile Include="src\front_torture.c">
      <Filter>Source Files</Filter>
    </ClCompile>
    <ClCompile Include="src\frontmenu_ingame_evnt.c">
      <Filter>Source Files</Filter>
    </ClCompile>
    <ClCompile Include="src\frontmenu_ingame_map.c">
      <Filter>Source Files</Filter>
    </ClCompile>
    <ClCompile Include="src\frontmenu_ingame_opts.c">
      <Filter>Source Files</Filter>
    </ClCompile>
    <ClCompile Include="src\frontmenu_ingame_tabs.c">
      <Filter>Source Files</Filter>
    </ClCompile>
    <ClCompile Include="src\frontmenu_net.c">
      <Filter>Source Files</Filter>
    </ClCompile>
    <ClCompile Include="src\frontmenu_options.c">
      <Filter>Source Files</Filter>
    </ClCompile>
    <ClCompile Include="src\frontmenu_saves.c">
      <Filter>Source Files</Filter>
    </ClCompile>
    <ClCompile Include="src\frontmenu_select.c">
      <Filter>Source Files</Filter>
    </ClCompile>
    <ClCompile Include="src\frontmenu_specials.c">
      <Filter>Source Files</Filter>
    </ClCompile>
    <ClCompile Include="src\game_heap.c">
      <Filter>Source Files</Filter>
    </ClCompile>
    <ClCompile Include="src\game_legacy.c">
      <Filter>Source Files</Filter>
    </ClCompile>
    <ClCompile Include="src\game_lghtshdw.c">
      <Filter>Source Files</Filter>
    </ClCompile>
    <ClCompile Include="src\game_merge.c">
      <Filter>Source Files</Filter>
    </ClCompile>
    <ClCompile Include="src\game_saves.c">
      <Filter>Source Files</Filter>
    </ClCompile>
    <ClCompile Include="src\gui_boxmenu.c">
      <Filter>Source Files</Filter>
    </ClCompile>
    <ClCompile Include="src\gui_draw.c">
      <Filter>Source Files</Filter>
    </ClCompile>
    <ClCompile Include="src\gui_frontbtns.c">
      <Filter>Source Files</Filter>
    </ClCompile>
    <ClCompile Include="src\gui_frontmenu.c">
      <Filter>Source Files</Filter>
    </ClCompile>
    <ClCompile Include="src\gui_msgs.c">
      <Filter>Source Files</Filter>
    </ClCompile>
    <ClCompile Include="src\gui_parchment.c">
      <Filter>Source Files</Filter>
    </ClCompile>
    <ClCompile Include="src\gui_tooltips.c">
      <Filter>Source Files</Filter>
    </ClCompile>
    <ClCompile Include="src\gui_topmsg.c">
      <Filter>Source Files</Filter>
    </ClCompile>
    <ClCompile Include="src\KeeperSpeechImp.c">
      <Filter>Source Files</Filter>
    </ClCompile>
    <ClCompile Include="src\kjm_input.c">
      <Filter>Source Files</Filter>
    </ClCompile>
    <ClCompile Include="src\lens_api.c">
      <Filter>Source Files</Filter>
    </ClCompile>
    <ClCompile Include="src\light_data.c">
      <Filter>Source Files</Filter>
    </ClCompile>
    <ClCompile Include="src\lvl_filesdk1.c">
      <Filter>Source Files</Filter>
    </ClCompile>
    <ClCompile Include="src\lvl_script.c">
      <Filter>Source Files</Filter>
    </ClCompile>
    <ClCompile Include="src\map_blocks.c">
      <Filter>Source Files</Filter>
    </ClCompile>
    <ClCompile Include="src\map_columns.c">
      <Filter>Source Files</Filter>
    </ClCompile>
    <ClCompile Include="src\map_data.c">
      <Filter>Source Files</Filter>
    </ClCompile>
    <ClCompile Include="src\map_events.c">
      <Filter>Source Files</Filter>
    </ClCompile>
    <ClCompile Include="src\map_utils.c">
      <Filter>Source Files</Filter>
    </ClCompile>
    <ClCompile Include="src\net_game.c">
      <Filter>Source Files</Filter>
    </ClCompile>
    <ClCompile Include="src\packets.c">
      <Filter>Source Files</Filter>
    </ClCompile>
    <ClCompile Include="src\player_compchecks.c">
      <Filter>Source Files</Filter>
    </ClCompile>
    <ClCompile Include="src\player_compevents.c">
      <Filter>Source Files</Filter>
    </ClCompile>
    <ClCompile Include="src\player_complookup.c">
      <Filter>Source Files</Filter>
    </ClCompile>
    <ClCompile Include="src\player_compprocs.c">
      <Filter>Source Files</Filter>
    </ClCompile>
    <ClCompile Include="src\player_comptask.c">
      <Filter>Source Files</Filter>
    </ClCompile>
    <ClCompile Include="src\player_computer.c">
      <Filter>Source Files</Filter>
    </ClCompile>
    <ClCompile Include="src\player_data.c">
      <Filter>Source Files</Filter>
    </ClCompile>
    <ClCompile Include="src\player_instances.c">
      <Filter>Source Files</Filter>
    </ClCompile>
    <ClCompile Include="src\player_utils.c">
      <Filter>Source Files</Filter>
    </ClCompile>
    <ClCompile Include="src\power_hand.c">
      <Filter>Source Files</Filter>
    </ClCompile>
    <ClCompile Include="src\power_process.c">
      <Filter>Source Files</Filter>
    </ClCompile>
    <ClCompile Include="src\power_specials.c">
      <Filter>Source Files</Filter>
    </ClCompile>
    <ClCompile Include="src\room_data.c">
      <Filter>Source Files</Filter>
    </ClCompile>
    <ClCompile Include="src\room_entrance.c">
      <Filter>Source Files</Filter>
    </ClCompile>
    <ClCompile Include="src\room_garden.c">
      <Filter>Source Files</Filter>
    </ClCompile>
    <ClCompile Include="src\room_graveyard.c">
      <Filter>Source Files</Filter>
    </ClCompile>
    <ClCompile Include="src\room_jobs.c">
      <Filter>Source Files</Filter>
    </ClCompile>
    <ClCompile Include="src\room_lair.c">
      <Filter>Source Files</Filter>
    </ClCompile>
    <ClCompile Include="src\room_library.c">
      <Filter>Source Files</Filter>
    </ClCompile>
    <ClCompile Include="src\room_list.c">
      <Filter>Source Files</Filter>
    </ClCompile>
    <ClCompile Include="src\room_scavenge.c">
      <Filter>Source Files</Filter>
    </ClCompile>
    <ClCompile Include="src\room_util.c">
      <Filter>Source Files</Filter>
    </ClCompile>
    <ClCompile Include="src\room_workshop.c">
      <Filter>Source Files</Filter>
    </ClCompile>
    <ClCompile Include="src\scrcapt.c">
      <Filter>Source Files</Filter>
    </ClCompile>
    <ClCompile Include="src\slab_data.c">
      <Filter>Source Files</Filter>
    </ClCompile>
    <ClCompile Include="src\sounds.c">
      <Filter>Source Files</Filter>
    </ClCompile>
    <ClCompile Include="src\spdigger_stack.c">
      <Filter>Source Files</Filter>
    </ClCompile>
    <ClCompile Include="src\tasks_list.c">
      <Filter>Source Files</Filter>
    </ClCompile>
    <ClCompile Include="src\thing_corpses.c">
      <Filter>Source Files</Filter>
    </ClCompile>
    <ClCompile Include="src\thing_creature.c">
      <Filter>Source Files</Filter>
    </ClCompile>
    <ClCompile Include="src\thing_data.c">
      <Filter>Source Files</Filter>
    </ClCompile>
    <ClCompile Include="src\thing_doors.c">
      <Filter>Source Files</Filter>
    </ClCompile>
    <ClCompile Include="src\thing_effects.c">
      <Filter>Source Files</Filter>
    </ClCompile>
    <ClCompile Include="src\thing_factory.c">
      <Filter>Source Files</Filter>
    </ClCompile>
    <ClCompile Include="src\thing_list.c">
      <Filter>Source Files</Filter>
    </ClCompile>
    <ClCompile Include="src\thing_navigate.c">
      <Filter>Source Files</Filter>
    </ClCompile>
    <ClCompile Include="src\thing_objects.c">
      <Filter>Source Files</Filter>
    </ClCompile>
    <ClCompile Include="src\thing_physics.c">
      <Filter>Source Files</Filter>
    </ClCompile>
    <ClCompile Include="src\thing_shots.c">
      <Filter>Source Files</Filter>
    </ClCompile>
    <ClCompile Include="src\thing_stats.c">
      <Filter>Source Files</Filter>
    </ClCompile>
    <ClCompile Include="src\thing_traps.c">
      <Filter>Source Files</Filter>
    </ClCompile>
    <ClCompile Include="src\vidfade.c">
      <Filter>Source Files</Filter>
    </ClCompile>
    <ClCompile Include="src\vidmode.c">
      <Filter>Source Files</Filter>
    </ClCompile>
    <ClCompile Include="src\bflib_base_tcp.cpp">
      <Filter>Source Files</Filter>
    </ClCompile>
    <ClCompile Include="src\bflib_client_tcp.cpp">
      <Filter>Source Files</Filter>
    </ClCompile>
    <ClCompile Include="src\bflib_inputctrl.cpp">
      <Filter>Source Files</Filter>
    </ClCompile>
    <ClCompile Include="src\bflib_main.cpp">
      <Filter>Source Files</Filter>
    </ClCompile>
    <ClCompile Include="src\bflib_mouse.cpp">
      <Filter>Source Files</Filter>
    </ClCompile>
    <ClCompile Include="src\bflib_mshandler.cpp">
      <Filter>Source Files</Filter>
    </ClCompile>
    <ClCompile Include="src\bflib_mspointer.cpp">
      <Filter>Source Files</Filter>
    </ClCompile>
    <ClCompile Include="src\bflib_nethost_udp.cpp">
      <Filter>Source Files</Filter>
    </ClCompile>
    <ClCompile Include="src\bflib_netlisten_udp.cpp">
      <Filter>Source Files</Filter>
    </ClCompile>
    <ClCompile Include="src\bflib_netsp.cpp">
      <Filter>Source Files</Filter>
    </ClCompile>
    <ClCompile Include="src\bflib_netsp_tcp.cpp">
      <Filter>Source Files</Filter>
    </ClCompile>
    <ClCompile Include="src\bflib_network.cpp">
      <Filter>Source Files</Filter>
    </ClCompile>
    <ClCompile Include="src\bflib_server_tcp.cpp">
      <Filter>Source Files</Filter>
    </ClCompile>
    <ClCompile Include="src\config_magic_data.cpp">
      <Filter>Source Files</Filter>
    </ClCompile>
    <ClCompile Include="src\front_lvlstats_data.cpp">
      <Filter>Source Files</Filter>
    </ClCompile>
    <ClCompile Include="src\front_torture_data.cpp">
      <Filter>Source Files</Filter>
    </ClCompile>
    <ClCompile Include="src\frontend.cpp">
      <Filter>Source Files</Filter>
    </ClCompile>
    <ClCompile Include="src\frontmenu_ingame_evnt_data.cpp">
      <Filter>Source Files</Filter>
    </ClCompile>
    <ClCompile Include="src\frontmenu_ingame_opts_data.cpp">
      <Filter>Source Files</Filter>
    </ClCompile>
    <ClCompile Include="src\frontmenu_ingame_tabs_data.cpp">
      <Filter>Source Files</Filter>
    </ClCompile>
    <ClCompile Include="src\frontmenu_net_data.cpp">
      <Filter>Source Files</Filter>
    </ClCompile>
    <ClCompile Include="src\frontmenu_options_data.cpp">
      <Filter>Source Files</Filter>
    </ClCompile>
    <ClCompile Include="src\frontmenu_saves_data.cpp">
      <Filter>Source Files</Filter>
    </ClCompile>
    <ClCompile Include="src\frontmenu_select_data.cpp">
      <Filter>Source Files</Filter>
    </ClCompile>
    <ClCompile Include="src\lens_flyeye.cpp">
      <Filter>Source Files</Filter>
    </ClCompile>
    <ClCompile Include="src\lens_mist.cpp">
      <Filter>Source Files</Filter>
    </ClCompile>
    <ClCompile Include="src\main.cpp">
      <Filter>Source Files</Filter>
    </ClCompile>
    <ClCompile Include="src\player_computer_data.cpp">
      <Filter>Source Files</Filter>
    </ClCompile>
    <ClCompile Include="src\vidmode_data.cpp">
      <Filter>Source Files</Filter>
    </ClCompile>
    <ClCompile Include="src\roomspace.c">
      <Filter>Source Files</Filter>
    </ClCompile>
    <ClCompile Include="src\roomspace_detection.c">
      <Filter>Source Files</Filter>
    </ClCompile>
    <ClCompile Include="src\engine_render_data.cpp">
      <Filter>Source Files</Filter>
    </ClCompile>
    <ClCompile Include="src\console_cmd.c">
      <Filter>Source Files</Filter>
    </ClCompile>
    <ClCompile Include="src\game_loop.c">
      <Filter>Source Files</Filter>
    </ClCompile>
    <ClCompile Include="src\custom_sprites.c">
      <Filter>Source Files</Filter>
    </ClCompile>
    <ClCompile Include="src\bflib_coroutine.c">
      <Filter>Source Files</Filter>
    </ClCompile>
    <ClCompile Include="src\main_game.c">
      <Filter>Source Files</Filter>
    </ClCompile>
    <ClCompile Include="src\packets_misc.c">
      <Filter>Source Files</Filter>
    </ClCompile>
    <ClCompile Include="src\packets_cheats.c">
      <Filter>Source Files</Filter>
    </ClCompile>
    <ClCompile Include="src\packets_input.c">
      <Filter>Source Files</Filter>
    </ClCompile>
    <ClCompile Include="src\lvl_script_value.c">
      <Filter>Source Files</Filter>
    </ClCompile>
    <ClCompile Include="src\lvl_script_commands.c">
      <Filter>Source Files</Filter>
    </ClCompile>
    <ClCompile Include="src\lvl_script_conditions.c">
      <Filter>Source Files</Filter>
    </ClCompile>
    <ClCompile Include="src\lvl_script_lib.c">
      <Filter>Source Files</Filter>
    </ClCompile>
    <ClCompile Include="src\lvl_script_commands_old.c">
      <Filter>Source Files</Filter>
    </ClCompile>
    <ClCompile Include="src\map_locations.c">
      <Filter>Source Files</Filter>
    </ClCompile>
    <ClCompile Include="src\cursor_tag.c">
      <Filter>Source Files</Filter>
    </ClCompile>
    <ClCompile Include="src\map_ceiling.c">
      <Filter>Source Files</Filter>
    </ClCompile>
    <ClCompile Include="src\config_slabsets.c">
      <Filter>Source Files</Filter>
    </ClCompile>
    <ClCompile Include="src\config_textures.c">
      <Filter>Source Files</Filter>
    </ClCompile>
    <ClCompile Include="src\ftests\ftest.c">
      <Filter>Source Files</Filter>
    </ClCompile>
    <ClCompile Include="src\config_spritecolors.c">
      <Filter>Source Files</Filter>
    </ClCompile>
    <ClCompile Include="src\steam_api.cpp">
      <Filter>Source Files</Filter>
    </ClCompile>
    <ClCompile Include="src\api.c">
      <Filter>Source Files</Filter>
    </ClCompile>
    <ClCompile Include="src\moonphase.c">
      <Filter>Source Files</Filter>
    </ClCompile>
    <ClCompile Include="src\bflib_enet.cpp">
      <Filter>Source Files</Filter>
    </ClCompile>
    <ClCompile Include="src\spritesheet.cpp">
      <Filter>Source Files</Filter>
    </ClCompile>
    <ClCompile Include="src\room_treasure.c">
      <Filter>Source Files</Filter>
    </ClCompile>
    <ClCompile Include="src\magic_powers.c">
      <Filter>Source Files</Filter>
    </ClCompile>
    <ClCompile Include="src\cdrom.cpp">
      <Filter>Source Files</Filter>
    </ClCompile>
    <ClCompile Include="src\gui_soundmsgs.cpp">
      <Filter>Source Files</Filter>
    </ClCompile>
    <ClCompile Include="src\bflib_sndlib.cpp">
      <Filter>Source Files</Filter>
    </ClCompile>
    <ClCompile Include="src\highscores.c">
      <Filter>Source Files</Filter>
    </ClCompile>
    <ClCompile Include="src\config_keeperfx.c">
      <Filter>Source Files</Filter>
    </ClCompile>
    <ClCompile Include="src\lua_api.c">
      <Filter>Source Files</Filter>
    </ClCompile>
    <ClCompile Include="src\lua_api_player.c">
      <Filter>Source Files</Filter>
    </ClCompile>
    <ClCompile Include="src\lua_api_slabs.c">
      <Filter>Source Files</Filter>
    </ClCompile>
    <ClCompile Include="src\lua_api_things.c">
      <Filter>Source Files</Filter>
    </ClCompile>
    <ClCompile Include="src\lua_base.c">
      <Filter>Source Files</Filter>
    </ClCompile>
    <ClCompile Include="src\lua_cfg_funcs.c">
      <Filter>Source Files</Filter>
    </ClCompile>
    <ClCompile Include="src\lua_params.c">
      <Filter>Source Files</Filter>
    </ClCompile>
    <ClCompile Include="src\lua_triggers.c">
      <Filter>Source Files</Filter>
    </ClCompile>
    <ClCompile Include="src\lua_utils.c">
      <Filter>Source Files</Filter>
    </ClCompile>
    <ClCompile Include="src\local_camera.c">
      <Filter>Source Files</Filter>
    </ClCompile>
    <ClCompile Include="src\net_portforward.cpp">
      <Filter>Source Files</Filter>
    </ClCompile>
  </ItemGroup>
  <ItemGroup>
    <ClInclude Include="src\actionpt.h">
      <Filter>Header Files</Filter>
    </ClInclude>
    <ClInclude Include="src\ariadne.h">
      <Filter>Header Files</Filter>
    </ClInclude>
    <ClInclude Include="src\ariadne_edge.h">
      <Filter>Header Files</Filter>
    </ClInclude>
    <ClInclude Include="src\ariadne_findcache.h">
      <Filter>Header Files</Filter>
    </ClInclude>
    <ClInclude Include="src\ariadne_naviheap.h">
      <Filter>Header Files</Filter>
    </ClInclude>
    <ClInclude Include="src\ariadne_navitree.h">
      <Filter>Header Files</Filter>
    </ClInclude>
    <ClInclude Include="src\ariadne_points.h">
      <Filter>Header Files</Filter>
    </ClInclude>
    <ClInclude Include="src\ariadne_regions.h">
      <Filter>Header Files</Filter>
    </ClInclude>
    <ClInclude Include="src\ariadne_tringls.h">
      <Filter>Header Files</Filter>
    </ClInclude>
    <ClInclude Include="src\ariadne_wallhug.h">
      <Filter>Header Files</Filter>
    </ClInclude>
    <ClInclude Include="src\bflib_base_tcp.hpp">
      <Filter>Header Files</Filter>
    </ClInclude>
    <ClInclude Include="src\bflib_basics.h">
      <Filter>Header Files</Filter>
    </ClInclude>
    <ClInclude Include="src\bflib_client_tcp.hpp">
      <Filter>Header Files</Filter>
    </ClInclude>
    <ClInclude Include="src\bflib_cpu.h">
      <Filter>Header Files</Filter>
    </ClInclude>
    <ClInclude Include="src\bflib_crash.h">
      <Filter>Header Files</Filter>
    </ClInclude>
    <ClInclude Include="src\bflib_datetm.h">
      <Filter>Header Files</Filter>
    </ClInclude>
    <ClInclude Include="src\bflib_dernc.h">
      <Filter>Header Files</Filter>
    </ClInclude>
    <ClInclude Include="src\bflib_fileio.h">
      <Filter>Header Files</Filter>
    </ClInclude>
    <ClInclude Include="src\bflib_filelst.h">
      <Filter>Header Files</Filter>
    </ClInclude>
    <ClInclude Include="src\bflib_fmvids.h">
      <Filter>Header Files</Filter>
    </ClInclude>
    <ClInclude Include="src\bflib_guibtns.h">
      <Filter>Header Files</Filter>
    </ClInclude>
    <ClInclude Include="src\bflib_inputctrl.h">
      <Filter>Header Files</Filter>
    </ClInclude>
    <ClInclude Include="src\bflib_keybrd.h">
      <Filter>Header Files</Filter>
    </ClInclude>
    <ClInclude Include="src\bflib_main.h">
      <Filter>Header Files</Filter>
    </ClInclude>
    <ClInclude Include="src\bflib_math.h">
      <Filter>Header Files</Filter>
    </ClInclude>
    <ClInclude Include="src\bflib_memory.h">
      <Filter>Header Files</Filter>
    </ClInclude>
    <ClInclude Include="src\bflib_mouse.h">
      <Filter>Header Files</Filter>
    </ClInclude>
    <ClInclude Include="src\bflib_mshandler.hpp">
      <Filter>Header Files</Filter>
    </ClInclude>
    <ClInclude Include="src\bflib_mspointer.hpp">
      <Filter>Header Files</Filter>
    </ClInclude>
    <ClInclude Include="src\bflib_netconfig.hpp">
      <Filter>Header Files</Filter>
    </ClInclude>
    <ClInclude Include="src\bflib_nethost_udp.hpp">
      <Filter>Header Files</Filter>
    </ClInclude>
    <ClInclude Include="src\bflib_netlisten_udp.hpp">
      <Filter>Header Files</Filter>
    </ClInclude>
    <ClInclude Include="src\bflib_netsession.h">
      <Filter>Header Files</Filter>
    </ClInclude>
    <ClInclude Include="src\bflib_netsp.hpp">
      <Filter>Header Files</Filter>
    </ClInclude>
    <ClInclude Include="src\bflib_netsp_tcp.hpp">
      <Filter>Header Files</Filter>
    </ClInclude>
    <ClInclude Include="src\bflib_network.h">
      <Filter>Header Files</Filter>
    </ClInclude>
    <ClInclude Include="src\bflib_planar.h">
      <Filter>Header Files</Filter>
    </ClInclude>
    <ClInclude Include="src\bflib_render.h">
      <Filter>Header Files</Filter>
    </ClInclude>
    <ClInclude Include="src\bflib_server_tcp.hpp">
      <Filter>Header Files</Filter>
    </ClInclude>
    <ClInclude Include="src\bflib_sndlib.h">
      <Filter>Header Files</Filter>
    </ClInclude>
    <ClInclude Include="src\bflib_sound.h">
      <Filter>Header Files</Filter>
    </ClInclude>
    <ClInclude Include="src\bflib_sprfnt.h">
      <Filter>Header Files</Filter>
    </ClInclude>
    <ClInclude Include="src\bflib_sprite.h">
      <Filter>Header Files</Filter>
    </ClInclude>
    <ClInclude Include="src\bflib_string.h">
      <Filter>Header Files</Filter>
    </ClInclude>
    <ClInclude Include="src\bflib_video.h">
      <Filter>Header Files</Filter>
    </ClInclude>
    <ClInclude Include="src\bflib_vidraw.h">
      <Filter>Header Files</Filter>
    </ClInclude>
    <ClInclude Include="src\bflib_vidsurface.h">
      <Filter>Header Files</Filter>
    </ClInclude>
    <ClInclude Include="src\config.h">
      <Filter>Header Files</Filter>
    </ClInclude>
    <ClInclude Include="src\config_campaigns.h">
      <Filter>Header Files</Filter>
    </ClInclude>
    <ClInclude Include="src\config_compp.h">
      <Filter>Header Files</Filter>
    </ClInclude>
    <ClInclude Include="src\config_creature.h">
      <Filter>Header Files</Filter>
    </ClInclude>
    <ClInclude Include="src\config_crtrmodel.h">
      <Filter>Header Files</Filter>
    </ClInclude>
    <ClInclude Include="src\config_crtrstates.h">
      <Filter>Header Files</Filter>
    </ClInclude>
    <ClInclude Include="src\config_cubes.h">
      <Filter>Header Files</Filter>
    </ClInclude>
    <ClInclude Include="src\config_effects.h">
      <Filter>Header Files</Filter>
    </ClInclude>
    <ClInclude Include="src\config_lenses.h">
      <Filter>Header Files</Filter>
    </ClInclude>
    <ClInclude Include="src\config_magic.h">
      <Filter>Header Files</Filter>
    </ClInclude>
    <ClInclude Include="src\config_objects.h">
      <Filter>Header Files</Filter>
    </ClInclude>
    <ClInclude Include="src\config_players.h">
      <Filter>Header Files</Filter>
    </ClInclude>
    <ClInclude Include="src\config_rules.h">
      <Filter>Header Files</Filter>
    </ClInclude>
    <ClInclude Include="src\config_settings.h">
      <Filter>Header Files</Filter>
    </ClInclude>
    <ClInclude Include="src\config_strings.h">
      <Filter>Header Files</Filter>
    </ClInclude>
    <ClInclude Include="src\config_terrain.h">
      <Filter>Header Files</Filter>
    </ClInclude>
    <ClInclude Include="src\config_trapdoor.h">
      <Filter>Header Files</Filter>
    </ClInclude>
    <ClInclude Include="src\creature_battle.h">
      <Filter>Header Files</Filter>
    </ClInclude>
    <ClInclude Include="src\creature_control.h">
      <Filter>Header Files</Filter>
    </ClInclude>
    <ClInclude Include="src\creature_graphics.h">
      <Filter>Header Files</Filter>
    </ClInclude>
    <ClInclude Include="src\creature_groups.h">
      <Filter>Header Files</Filter>
    </ClInclude>
    <ClInclude Include="src\creature_instances.h">
      <Filter>Header Files</Filter>
    </ClInclude>
    <ClInclude Include="src\creature_jobs.h">
      <Filter>Header Files</Filter>
    </ClInclude>
    <ClInclude Include="src\creature_senses.h">
      <Filter>Header Files</Filter>
    </ClInclude>
    <ClInclude Include="src\creature_states.h">
      <Filter>Header Files</Filter>
    </ClInclude>
    <ClInclude Include="src\creature_states_barck.h">
      <Filter>Header Files</Filter>
    </ClInclude>
    <ClInclude Include="src\creature_states_combt.h">
      <Filter>Header Files</Filter>
    </ClInclude>
    <ClInclude Include="src\creature_states_gardn.h">
      <Filter>Header Files</Filter>
    </ClInclude>
    <ClInclude Include="src\creature_states_guard.h">
      <Filter>Header Files</Filter>
    </ClInclude>
    <ClInclude Include="src\creature_states_hero.h">
      <Filter>Header Files</Filter>
    </ClInclude>
    <ClInclude Include="src\creature_states_lair.h">
      <Filter>Header Files</Filter>
    </ClInclude>
    <ClInclude Include="src\creature_states_mood.h">
      <Filter>Header Files</Filter>
    </ClInclude>
    <ClInclude Include="src\creature_states_pray.h">
      <Filter>Header Files</Filter>
    </ClInclude>
    <ClInclude Include="src\creature_states_prisn.h">
      <Filter>Header Files</Filter>
    </ClInclude>
    <ClInclude Include="src\creature_states_rsrch.h">
      <Filter>Header Files</Filter>
    </ClInclude>
    <ClInclude Include="src\creature_states_scavn.h">
      <Filter>Header Files</Filter>
    </ClInclude>
    <ClInclude Include="src\creature_states_spdig.h">
      <Filter>Header Files</Filter>
    </ClInclude>
    <ClInclude Include="src\creature_states_tortr.h">
      <Filter>Header Files</Filter>
    </ClInclude>
    <ClInclude Include="src\creature_states_train.h">
      <Filter>Header Files</Filter>
    </ClInclude>
    <ClInclude Include="src\creature_states_tresr.h">
      <Filter>Header Files</Filter>
    </ClInclude>
    <ClInclude Include="src\creature_states_wrshp.h">
      <Filter>Header Files</Filter>
    </ClInclude>
    <ClInclude Include="src\dungeon_data.h">
      <Filter>Header Files</Filter>
    </ClInclude>
    <ClInclude Include="src\dungeon_stats.h">
      <Filter>Header Files</Filter>
    </ClInclude>
    <ClInclude Include="src\engine_arrays.h">
      <Filter>Header Files</Filter>
    </ClInclude>
    <ClInclude Include="src\engine_camera.h">
      <Filter>Header Files</Filter>
    </ClInclude>
    <ClInclude Include="src\engine_lenses.h">
      <Filter>Header Files</Filter>
    </ClInclude>
    <ClInclude Include="src\engine_redraw.h">
      <Filter>Header Files</Filter>
    </ClInclude>
    <ClInclude Include="src\engine_render.h">
      <Filter>Header Files</Filter>
    </ClInclude>
    <ClInclude Include="src\engine_textures.h">
      <Filter>Header Files</Filter>
    </ClInclude>
    <ClInclude Include="src\front_credits.h">
      <Filter>Header Files</Filter>
    </ClInclude>
    <ClInclude Include="src\front_easter.h">
      <Filter>Header Files</Filter>
    </ClInclude>
    <ClInclude Include="src\front_fmvids.h">
      <Filter>Header Files</Filter>
    </ClInclude>
    <ClInclude Include="src\front_highscore.h">
      <Filter>Header Files</Filter>
    </ClInclude>
    <ClInclude Include="src\front_input.h">
      <Filter>Header Files</Filter>
    </ClInclude>
    <ClInclude Include="src\front_landview.h">
      <Filter>Header Files</Filter>
    </ClInclude>
    <ClInclude Include="src\front_lvlstats.h">
      <Filter>Header Files</Filter>
    </ClInclude>
    <ClInclude Include="src\front_network.h">
      <Filter>Header Files</Filter>
    </ClInclude>
    <ClInclude Include="src\front_simple.h">
      <Filter>Header Files</Filter>
    </ClInclude>
    <ClInclude Include="src\front_torture.h">
      <Filter>Header Files</Filter>
    </ClInclude>
    <ClInclude Include="src\frontend.h">
      <Filter>Header Files</Filter>
    </ClInclude>
    <ClInclude Include="src\frontmenu_ingame_evnt.h">
      <Filter>Header Files</Filter>
    </ClInclude>
    <ClInclude Include="src\frontmenu_ingame_map.h">
      <Filter>Header Files</Filter>
    </ClInclude>
    <ClInclude Include="src\frontmenu_ingame_opts.h">
      <Filter>Header Files</Filter>
    </ClInclude>
    <ClInclude Include="src\frontmenu_ingame_tabs.h">
      <Filter>Header Files</Filter>
    </ClInclude>
    <ClInclude Include="src\frontmenu_net.h">
      <Filter>Header Files</Filter>
    </ClInclude>
    <ClInclude Include="src\frontmenu_options.h">
      <Filter>Header Files</Filter>
    </ClInclude>
    <ClInclude Include="src\frontmenu_saves.h">
      <Filter>Header Files</Filter>
    </ClInclude>
    <ClInclude Include="src\frontmenu_select.h">
      <Filter>Header Files</Filter>
    </ClInclude>
    <ClInclude Include="src\frontmenu_specials.h">
      <Filter>Header Files</Filter>
    </ClInclude>
    <ClInclude Include="src\game_heap.h">
      <Filter>Header Files</Filter>
    </ClInclude>
    <ClInclude Include="src\game_legacy.h">
      <Filter>Header Files</Filter>
    </ClInclude>
    <ClInclude Include="src\game_lghtshdw.h">
      <Filter>Header Files</Filter>
    </ClInclude>
    <ClInclude Include="src\game_merge.h">
      <Filter>Header Files</Filter>
    </ClInclude>
    <ClInclude Include="src\game_saves.h">
      <Filter>Header Files</Filter>
    </ClInclude>
    <ClInclude Include="src\globals.h">
      <Filter>Header Files</Filter>
    </ClInclude>
    <ClInclude Include="src\gui_boxmenu.h">
      <Filter>Header Files</Filter>
    </ClInclude>
    <ClInclude Include="src\gui_draw.h">
      <Filter>Header Files</Filter>
    </ClInclude>
    <ClInclude Include="src\gui_frontbtns.h">
      <Filter>Header Files</Filter>
    </ClInclude>
    <ClInclude Include="src\gui_frontmenu.h">
      <Filter>Header Files</Filter>
    </ClInclude>
    <ClInclude Include="src\gui_msgs.h">
      <Filter>Header Files</Filter>
    </ClInclude>
    <ClInclude Include="src\gui_parchment.h">
      <Filter>Header Files</Filter>
    </ClInclude>
    <ClInclude Include="src\gui_soundmsgs.h">
      <Filter>Header Files</Filter>
    </ClInclude>
    <ClInclude Include="src\gui_tooltips.h">
      <Filter>Header Files</Filter>
    </ClInclude>
    <ClInclude Include="src\gui_topmsg.h">
      <Filter>Header Files</Filter>
    </ClInclude>
    <ClInclude Include="src\keeperfx.hpp">
      <Filter>Header Files</Filter>
    </ClInclude>
    <ClInclude Include="src\KeeperSpeech.h">
      <Filter>Header Files</Filter>
    </ClInclude>
    <ClInclude Include="src\kjm_input.h">
      <Filter>Header Files</Filter>
    </ClInclude>
    <ClInclude Include="src\lens_api.h">
      <Filter>Header Files</Filter>
    </ClInclude>
    <ClInclude Include="src\lens_flyeye.h">
      <Filter>Header Files</Filter>
    </ClInclude>
    <ClInclude Include="src\lens_mist.h">
      <Filter>Header Files</Filter>
    </ClInclude>
    <ClInclude Include="src\light_data.h">
      <Filter>Header Files</Filter>
    </ClInclude>
    <ClInclude Include="src\lvl_filesdk1.h">
      <Filter>Header Files</Filter>
    </ClInclude>
    <ClInclude Include="src\lvl_script.h">
      <Filter>Header Files</Filter>
    </ClInclude>
    <ClInclude Include="src\map_blocks.h">
      <Filter>Header Files</Filter>
    </ClInclude>
    <ClInclude Include="src\map_columns.h">
      <Filter>Header Files</Filter>
    </ClInclude>
    <ClInclude Include="src\map_data.h">
      <Filter>Header Files</Filter>
    </ClInclude>
    <ClInclude Include="src\map_events.h">
      <Filter>Header Files</Filter>
    </ClInclude>
    <ClInclude Include="src\map_utils.h">
      <Filter>Header Files</Filter>
    </ClInclude>
    <ClInclude Include="src\net_game.h">
      <Filter>Header Files</Filter>
    </ClInclude>
    <ClInclude Include="src\packets.h">
      <Filter>Header Files</Filter>
    </ClInclude>
    <ClInclude Include="src\player_complookup.h">
      <Filter>Header Files</Filter>
    </ClInclude>
    <ClInclude Include="src\player_computer.h">
      <Filter>Header Files</Filter>
    </ClInclude>
    <ClInclude Include="src\player_data.h">
      <Filter>Header Files</Filter>
    </ClInclude>
    <ClInclude Include="src\player_instances.h">
      <Filter>Header Files</Filter>
    </ClInclude>
    <ClInclude Include="src\player_utils.h">
      <Filter>Header Files</Filter>
    </ClInclude>
    <ClInclude Include="src\power_hand.h">
      <Filter>Header Files</Filter>
    </ClInclude>
    <ClInclude Include="src\power_process.h">
      <Filter>Header Files</Filter>
    </ClInclude>
    <ClInclude Include="src\power_specials.h">
      <Filter>Header Files</Filter>
    </ClInclude>
    <ClInclude Include="src\room_data.h">
      <Filter>Header Files</Filter>
    </ClInclude>
    <ClInclude Include="src\room_entrance.h">
      <Filter>Header Files</Filter>
    </ClInclude>
    <ClInclude Include="src\room_garden.h">
      <Filter>Header Files</Filter>
    </ClInclude>
    <ClInclude Include="src\room_graveyard.h">
      <Filter>Header Files</Filter>
    </ClInclude>
    <ClInclude Include="src\room_jobs.h">
      <Filter>Header Files</Filter>
    </ClInclude>
    <ClInclude Include="src\room_lair.h">
      <Filter>Header Files</Filter>
    </ClInclude>
    <ClInclude Include="src\room_library.h">
      <Filter>Header Files</Filter>
    </ClInclude>
    <ClInclude Include="src\room_list.h">
      <Filter>Header Files</Filter>
    </ClInclude>
    <ClInclude Include="src\room_scavenge.h">
      <Filter>Header Files</Filter>
    </ClInclude>
    <ClInclude Include="src\room_treasure.h">
      <Filter>Header Files</Filter>
    </ClInclude>
    <ClInclude Include="src\room_util.h">
      <Filter>Header Files</Filter>
    </ClInclude>
    <ClInclude Include="src\room_workshop.h">
      <Filter>Header Files</Filter>
    </ClInclude>
    <ClInclude Include="src\scrcapt.h">
      <Filter>Header Files</Filter>
    </ClInclude>
    <ClInclude Include="src\slab_data.h">
      <Filter>Header Files</Filter>
    </ClInclude>
    <ClInclude Include="src\sounds.h">
      <Filter>Header Files</Filter>
    </ClInclude>
    <ClInclude Include="src\spdigger_stack.h">
      <Filter>Header Files</Filter>
    </ClInclude>
    <ClInclude Include="src\tasks_list.h">
      <Filter>Header Files</Filter>
    </ClInclude>
    <ClInclude Include="src\thing_corpses.h">
      <Filter>Header Files</Filter>
    </ClInclude>
    <ClInclude Include="src\thing_creature.h">
      <Filter>Header Files</Filter>
    </ClInclude>
    <ClInclude Include="src\thing_data.h">
      <Filter>Header Files</Filter>
    </ClInclude>
    <ClInclude Include="src\thing_doors.h">
      <Filter>Header Files</Filter>
    </ClInclude>
    <ClInclude Include="src\thing_effects.h">
      <Filter>Header Files</Filter>
    </ClInclude>
    <ClInclude Include="src\thing_factory.h">
      <Filter>Header Files</Filter>
    </ClInclude>
    <ClInclude Include="src\thing_list.h">
      <Filter>Header Files</Filter>
    </ClInclude>
    <ClInclude Include="src\thing_navigate.h">
      <Filter>Header Files</Filter>
    </ClInclude>
    <ClInclude Include="src\thing_objects.h">
      <Filter>Header Files</Filter>
    </ClInclude>
    <ClInclude Include="src\thing_physics.h">
      <Filter>Header Files</Filter>
    </ClInclude>
    <ClInclude Include="src\thing_shots.h">
      <Filter>Header Files</Filter>
    </ClInclude>
    <ClInclude Include="src\thing_stats.h">
      <Filter>Header Files</Filter>
    </ClInclude>
    <ClInclude Include="src\thing_traps.h">
      <Filter>Header Files</Filter>
    </ClInclude>
    <ClInclude Include="src\version.h">
      <Filter>Header Files</Filter>
    </ClInclude>
    <ClInclude Include="src\vidfade.h">
      <Filter>Header Files</Filter>
    </ClInclude>
    <ClInclude Include="src\vidmode.h">
      <Filter>Header Files</Filter>
    </ClInclude>
    <ClInclude Include="src\roomspace.h">
      <Filter>Header Files</Filter>
    </ClInclude>
    <ClInclude Include="src\roomspace_detection.h">
      <Filter>Header Files</Filter>
    </ClInclude>
    <ClInclude Include="src\game_loop.h">
      <Filter>Header Files</Filter>
    </ClInclude>
    <ClInclude Include="src\custom_sprites.h">
      <Filter>Header Files</Filter>
    </ClInclude>
    <ClInclude Include="src\bflib_coroutine.h">
      <Filter>Header Files</Filter>
    </ClInclude>
    <ClInclude Include="src\lvl_script_value.h">
      <Filter>Header Files</Filter>
    </ClInclude>
    <ClInclude Include="src\lvl_script_commands.h">
      <Filter>Header Files</Filter>
    </ClInclude>
    <ClInclude Include="src\lvl_script_conditions.h">
      <Filter>Header Files</Filter>
    </ClInclude>
    <ClInclude Include="src\lvl_script_lib.h">
      <Filter>Header Files</Filter>
    </ClInclude>
    <ClInclude Include="src\lvl_script_commands_old.h">
      <Filter>Header Files</Filter>
    </ClInclude>
    <ClInclude Include="src\map_locations.h">
      <Filter>Header Files</Filter>
    </ClInclude>
    <ClInclude Include="src\console_cmd.h">
      <Filter>Header Files</Filter>
    </ClInclude>
    <ClInclude Include="src\cursor_tag.h">
      <Filter>Header Files</Filter>
    </ClInclude>
    <ClInclude Include="src\sprites.h">
      <Filter>Header Files</Filter>
    </ClInclude>
    <ClInclude Include="src\map_ceiling.h">
      <Filter>Header Files</Filter>
    </ClInclude>
    <ClInclude Include="src\config_slabsets.h">
      <Filter>Header Files</Filter>
    </ClInclude>
    <ClInclude Include="src\config_textures.h">
      <Filter>Header Files</Filter>
    </ClInclude>
    <ClInclude Include="src\ftests\ftest.h">
      <Filter>Header Files</Filter>
    </ClInclude>
    <ClInclude Include="src\config_spritecolors.h">
      <Filter>Header Files</Filter>
    </ClInclude>
    <ClInclude Include="src\steam_api.hpp">
      <Filter>Header Files</Filter>
    </ClInclude>
    <ClInclude Include="src\api.h">
      <Filter>Header Files</Filter>
    </ClInclude>
    <ClInclude Include="src\moonphase.h">
      <Filter>Header Files</Filter>
    </ClInclude>
    <ClInclude Include="src\bflib_enet.h">
      <Filter>Header Files</Filter>
    </ClInclude>
    <ClInclude Include="src\mutex.hpp">
      <Filter>Header Files</Filter>
    </ClInclude>
    <ClInclude Include="src\magic_powers.h">
      <Filter>Header Files</Filter>
    </ClInclude>
    <ClInclude Include="src\cdrom.h">
      <Filter>Header Files</Filter>
    </ClInclude>
    <ClInclude Include="src\config_keeperfx.h">
      <Filter>Header Files</Filter>
    </ClInclude>
    <ClInclude Include="src\highscores.h">
      <Filter>Header Files</Filter>
    </ClInclude>
    <ClInclude Include="src\lua_api.h">
      <Filter>Header Files</Filter>
    </ClInclude>
    <ClInclude Include="src\lua_base.h">
      <Filter>Header Files</Filter>
    </ClInclude>
    <ClInclude Include="src\lua_cfg_funcs.h">
      <Filter>Header Files</Filter>
    </ClInclude>
    <ClInclude Include="src\lua_params.h">
      <Filter>Header Files</Filter>
    </ClInclude>
    <ClInclude Include="src\lua_triggers.h">
      <Filter>Header Files</Filter>
    </ClInclude>
    <ClInclude Include="src\lua_utils.h">
      <Filter>Header Files</Filter>
    </ClInclude>
    <ClInclude Include="src\local_camera.h">
      <Filter>Header Files</Filter>
    </ClInclude>
    <ClInclude Include="src\net_portforward.h">
      <Filter>Header Files</Filter>
    </ClInclude>
  </ItemGroup>
  <ItemGroup>
    <None Include="Makefile" />
    <None Include="lib\keeper95_gold.map" />
  </ItemGroup>
</Project>